
Microsoft Visual Studio Solution File, Format Version 12.00
# Visual Studio 15
VisualStudioVersion = 15.0.28010.2016
MinimumVisualStudioVersion = 10.0.40219.1
Project("{FAE04EC0-301F-11D3-BF4B-00C04F79EFBC}") = "IDM Universial Activator", "IDM Universial Activator\IDM Universial Activator.csproj", "{9CF8AE80-22DA-43A4-A65D-938E4E2E7BCB}"
EndProject
Global
	GlobalSection(SolutionConfigurationPlatforms) = preSolution
		Debug|Any CPU = Debug|Any CPU
		Release|Any CPU = Release|Any CPU
	EndGlobalSection
	GlobalSection(ProjectConfigurationPlatforms) = postSolution
		{9CF8AE80-22DA-43A4-A65D-938E4E2E7BCB}.Debug|Any CPU.ActiveCfg = Debug|Any CPU
		{9CF8AE80-22DA-43A4-A65D-938E4E2E7BCB}.Debug|Any CPU.Build.0 = Debug|Any CPU
		{9CF8AE80-22DA-43A4-A65D-938E4E2E7BCB}.Release|Any CPU.ActiveCfg = Release|Any CPU
		{9CF8AE80-22DA-43A4-A65D-938E4E2E7BCB}.Release|Any CPU.Build.0 = Release|Any CPU
	EndGlobalSection
	GlobalSection(SolutionProperties) = preSolution
		HideSolutionNode = FALSE
	EndGlobalSection
	GlobalSection(ExtensibilityGlobals) = postSolution
		SolutionGuid = {CD6D95BA-4352-47D1-89CB-3BF9E1052FAB}
	EndGlobalSection
EndGlobal
